
Microsoft Visual Studio Solution File, Format Version 12.00
# Visual Studio Version 17
VisualStudioVersion = 17.14.36109.1 d17.14
MinimumVisualStudioVersion = 10.0.40219.1
Project("{FAE04EC0-301F-11D3-BF4B-00C04F79EFBC}") = "AsynchronousProductFetchDemo", "AsynchronousProductFetchDemo\AsynchronousProductFetchDemo.csproj", "{95302A1C-DCD1-4849-84AE-BAEC1ABB1A4B}"
EndProject
Global
	GlobalSection(SolutionConfigurationPlatforms) = preSolution
		Debug|Any CPU = Debug|Any CPU
		Release|Any CPU = Release|Any CPU
	EndGlobalSection
	GlobalSection(ProjectConfigurationPlatforms) = postSolution
		{95302A1C-DCD1-4849-84AE-BAEC1ABB1A4B}.Debug|Any CPU.ActiveCfg = Debug|Any CPU
		{95302A1C-DCD1-4849-84AE-BAEC1ABB1A4B}.Debug|Any CPU.Build.0 = Debug|Any CPU
		{95302A1C-DCD1-4849-84AE-BAEC1ABB1A4B}.Release|Any CPU.ActiveCfg = Release|Any CPU
		{95302A1C-DCD1-4849-84AE-BAEC1ABB1A4B}.Release|Any CPU.Build.0 = Release|Any CPU
	EndGlobalSection
	GlobalSection(SolutionProperties) = preSolution
		HideSolutionNode = FALSE
	EndGlobalSection
	GlobalSection(ExtensibilityGlobals) = postSolution
		SolutionGuid = {5A0CF608-BE91-49F0-89BD-B57865AA10C6}
	EndGlobalSection
EndGlobal
